// !$*UTF8*$!
{
	archiveVersion = 1;
	classes = {
	};
	objectVersion = 46;
	objects = {

/* Begin PBXBuildFile section */
		8AE49F1C1DD81E9100728792 /* AppDelegate.swift in Sources */ = {isa = PBXBuildFile; fileRef = 8AE49F1B1DD81E9100728792 /* AppDelegate.swift */; };
		8AE49F1E1DD81E9100728792 /* ViewController.swift in Sources */ = {isa = PBXBuildFile; fileRef = 8AE49F1D1DD81E9100728792 /* ViewController.swift */; };
		8AE49F211DD81E9100728792 /* Main.storyboard in Resources */ = {isa = PBXBuildFile; fileRef = 8AE49F1F1DD81E9100728792 /* Main.storyboard */; };
		8AE49F231DD81E9100728792 /* Assets.xcassets in Resources */ = {isa = PBXBuildFile; fileRef = 8AE49F221DD81E9100728792 /* Assets.xcassets */; };
		8AE49F261DD81E9100728792 /* LaunchScreen.storyboard in Resources */ = {isa = PBXBuildFile; fileRef = 8AE49F241DD81E9100728792 /* LaunchScreen.storyboard */; };
		8AE49F2E1DD8BB6800728792 /* KDCircularProgress.swift in Sources */ = {isa = PBXBuildFile; fileRef = 8AE49F2D1DD8BB6700728792 /* KDCircularProgress.swift */; };
/* End PBXBuildFile section */

/* Begin PBXFileReference section */
		8AE49F181DD81E9100728792 /* Time Wash.app */ = {isa = PBXFileReference; explicitFileType = wrapper.application; includeInIndex = 0; path = "Time Wash.app"; sourceTree = BUILT_PRODUCTS_DIR; };
		8AE49F1B1DD81E9100728792 /* AppDelegate.swift */ = {isa = PBXFileReference; lastKnownFileType = sourcecode.swift; path = AppDelegate.swift; sourceTree = "<group>"; };
		8AE49F1D1DD81E9100728792 /* ViewController.swift */ = {isa = PBXFileReference; lastKnownFileType = sourcecode.swift; path = ViewController.swift; sourceTree = "<group>"; };
		8AE49F201DD81E9100728792 /* Base */ = {isa = PBXFileReference; lastKnownFileType = file.storyboard; name = Base; path = Base.lproj/Main.storyboard; sourceTree = "<group>"; };
		8AE49F221DD81E9100728792 /* Assets.xcassets */ = {isa = PBXFileReference; lastKnownFileType = folder.assetcatalog; path = Assets.xcassets; sourceTree = "<group>"; };
		8AE49F251DD81E9100728792 /* Base */ = {isa = PBXFileReference; lastKnownFileType = file.storyboard; name = Base; path = Base.lproj/LaunchScreen.storyboard; sourceTree = "<group>"; };
		8AE49F271DD81E9100728792 /* Info.plist */ = {isa = PBXFileReference; lastKnownFileType = text.plist.xml; path = Info.plist; sourceTree = "<group>"; };
		8AE49F2D1DD8BB6700728792 /* KDCircularProgress.swift */ = {isa = PBXFileReference; fileEncoding = 4; lastKnownFileType = sourcecode.swift; path = KDCircularProgress.swift; sourceTree = "<group>"; };
/* End PBXFileReference section */

/* Begin PBXFrameworksBuildPhase section */
		8AE49F151DD81E9100728792 /* Frameworks */ = {
			isa = PBXFrameworksBuildPhase;
			buildActionMask = 2147483647;
			files = (
			);
			runOnlyForDeploymentPostprocessing = 0;
		};
/* End PBXFrameworksBuildPhase section */

/* Begin PBXGroup section */
		8AE49F0F1DD81E9100728792 = {
			isa = PBXGroup;
			children = (
				8AE49F1A1DD81E9100728792 /* Time Wash */,
				8AE49F191DD81E9100728792 /* Products */,
			);
			sourceTree = "<group>";
		};
		8AE49F191DD81E9100728792 /* Products */ = {
			isa = PBXGroup;
			children = (
				8AE49F181DD81E9100728792 /* Time Wash.app */,
			);
			name = Products;
			sourceTree = "<group>";
		};
		8AE49F1A1DD81E9100728792 /* Time Wash */ = {
			isa = PBXGroup;
			children = (
				8AE49F1B1DD81E9100728792 /* AppDelegate.swift */,
				8AE49F1D1DD81E9100728792 /* ViewController.swift */,
				8AE49F1F1DD81E9100728792 /* Main.storyboard */,
				8AE49F2D1DD8BB6700728792 /* KDCircularProgress.swift */,
				8AE49F221DD81E9100728792 /* Assets.xcassets */,
				8AE49F241DD81E9100728792 /* LaunchScreen.storyboard */,
				8AE49F271DD81E9100728792 /* Info.plist */,
			);
			path = "Time Wash";
			sourceTree = "<group>";
		};
/* End PBXGroup section */

/* Begin PBXNativeTarget section */
		8AE49F171DD81E9100728792 /* Time Wash */ = {
			isa = PBXNativeTarget;
			buildConfigurationList = 8AE49F2A1DD81E9100728792 /* Build configuration list for PBXNativeTarget "Time Wash" */;
			buildPhases = (
				8AE49F141DD81E9100728792 /* Sources */,
				8AE49F151DD81E9100728792 /* Frameworks */,
				8AE49F161DD81E9100728792 /* Resources */,
			);
			buildRules = (
			);
			dependencies = (
			);
			name = "Time Wash";
			productName = "Time Wash";
			productReference = 8AE49F181DD81E9100728792 /* Time Wash.app */;
			productType = "com.apple.product-type.application";
		};
/* End PBXNativeTarget section */

/* Begin PBXProject section */
		8AE49F101DD81E9100728792 /* Project object */ = {
			isa = PBXProject;
			attributes = {
				LastSwiftUpdateCheck = 0730;
				LastUpgradeCheck = 0730;
				ORGANIZATIONNAME = "Lena Ngungu";
				TargetAttributes = {
					8AE49F171DD81E9100728792 = {
						CreatedOnToolsVersion = 7.3.1;
					};
				};
			};
			buildConfigurationList = 8AE49F131DD81E9100728792 /* Build configuration list for PBXProject "Time Wash" */;
			compatibilityVersion = "Xcode 3.2";
			developmentRegion = English;
			hasScannedForEncodings = 0;
			knownRegions = (
				en,
				Base,
			);
			mainGroup = 8AE49F0F1DD81E9100728792;
			productRefGroup = 8AE49F191DD81E9100728792 /* Products */;
			projectDirPath = "";
			projectRoot = "";
			targets = (
				8AE49F171DD81E9100728792 /* Time Wash */,
			);
		};
/* End PBXProject section */

/* Begin PBXResourcesBuildPhase section */
		8AE49F161DD81E9100728792 /* Resources */ = {
			isa = PBXResourcesBuildPhase;
			buildActionMask = 2147483647;
			files = (
				8AE49F261DD81E9100728792 /* LaunchScreen.storyboard in Resources */,
				8AE49F231DD81E9100728792 /* Assets.xcassets in Resources */,
				8AE49F211DD81E9100728792 /* Main.storyboard in Resources */,
			);
			runOnlyForDeploymentPostprocessing = 0;
		};
/* End PBXResourcesBuildPhase section */

/* Begin PBXSourcesBuildPhase section */
		8AE49F141DD81E9100728792 /* Sources */ = {
			isa = PBXSourcesBuildPhase;
			buildActionMask = 2147483647;
			files = (
				8AE49F2E1DD8BB6800728792 /* KDCircularProgress.swift in Sources */,
				8AE49F1E1DD81E9100728792 /* ViewController.swift in Sources */,
				8AE49F1C1DD81E9100728792 /* AppDelegate.swift in Sources */,
			);
			runOnlyForDeploymentPostprocessing = 0;
		};
/* End PBXSourcesBuildPhase section */

/* Begin PBXVariantGroup section */
		8AE49F1F1DD81E9100728792 /* Main.storyboard */ = {
			isa = PBXVariantGroup;
			children = (
				8AE49F201DD81E9100728792 /* Base */,
			);
			name = Main.storyboard;
			sourceTree = "<group>";
		};
		8AE49F241DD81E9100728792 /* LaunchScreen.storyboard */ = {
			isa = PBXVariantGroup;
			children = (
				8AE49F251DD81E9100728792 /* Base */,
			);
			name = LaunchScreen.storyboard;
			sourceTree = "<group>";
		};
/* End PBXVariantGroup section */

/* Begin XCBuildConfiguration section */
		8AE49F281DD81E9100728792 /* Debug */ = {
			isa = XCBuildConfiguration;
			buildSettings = {
				ALWAYS_SEARCH_USER_PATHS = NO;
				CLANG_ANALYZER_NONNULL = YES;
				CLANG_CXX_LANGUAGE_STANDARD = "gnu++0x";
				CLANG_CXX_LIBRARY = "libc++";
				CLANG_ENABLE_MODULES = YES;
				CLANG_ENABLE_OBJC_ARC = YES;
				CLANG_WARN_BOOL_CONVERSION = YES;
				CLANG_WARN_CONSTANT_CONVERSION = YES;
				CLANG_WARN_DIRECT_OBJC_ISA_USAGE = YES_ERROR;
				CLANG_WARN_EMPTY_BODY = YES;
				CLANG_WARN_ENUM_CONVERSION = YES;
				CLANG_WARN_INT_CONVERSION = YES;
				CLANG_WARN_OBJC_ROOT_CLASS = YES_ERROR;
				CLANG_WARN_UNREACHABLE_CODE = YES;
				CLANG_WARN__DUPLICATE_METHOD_MATCH = YES;
				"CODE_SIGN_IDENTITY[sdk=iphoneos*]" = "iPhone Developer";
				COPY_PHASE_STRIP = NO;
				DEBUG_INFORMATION_FORMAT = dwarf;
				ENABLE_STRICT_OBJC_MSGSEND = YES;
				ENABLE_TESTABILITY = YES;
				GCC_C_LANGUAGE_STANDARD = gnu99;
				GCC_DYNAMIC_NO_PIC = NO;
				GCC_NO_COMMON_BLOCKS = YES;
				GCC_OPTIMIZATION_LEVEL = 0;
				GCC_PREPROCESSOR_DEFINITIONS = (
					"DEBUG=1",
					"$(inherited)",
				);
				GCC_WARN_64_TO_32_BIT_CONVERSION = YES;
				GCC_WARN_ABOUT_RETURN_TYPE = YES_ERROR;
				GCC_WARN_UNDECLARED_SELECTOR = YES;
				GCC_WARN_UNINITIALIZED_AUTOS = YES_AGGRESSIVE;
				GCC_WARN_UNUSED_FUNCTION = YES;
				GCC_WARN_UNUSED_VARIABLE = YES;
				IPHONEOS_DEPLOYMENT_TARGET = 9.3;
				MTL_ENABLE_DEBUG_INFO = YES;
				ONLY_ACTIVE_ARCH = YES;
				SDKROOT = iphoneos;
				SWIFT_OPTIMIZATION_LEVEL = "-Onone";
			};
			name = Debug;
		};
		8AE49F291DD81E9100728792 /* Release */ = {
			isa = XCBuildConfiguration;
			buildSettings = {
				ALWAYS_SEARCH_USER_PATHS = NO;
				CLANG_ANALYZER_NONNULL = YES;
				CLANG_CXX_LANGUAGE_STANDARD = "gnu++0x";
				CLANG_CXX_LIBRARY = "libc++";
				CLANG_ENABLE_MODULES = YES;
				CLANG_ENABLE_OBJC_ARC = YES;
				CLANG_WARN_BOOL_CONVERSION = YES;
				CLANG_WARN_CONSTANT_CONVERSION = YES;
				CLANG_WARN_DIRECT_OBJC_ISA_USAGE = YES_ERROR;
				CLANG_WARN_EMPTY_BODY = YES;
				CLANG_WARN_ENUM_CONVERSION = YES;
				CLANG_WARN_INT_CONVERSION = YES;
				CLANG_WARN_OBJC_ROOT_CLASS = YES_ERROR;
				CLANG_WARN_UNREACHABLE_CODE = YES;
				CLANG_WARN__DUPLICATE_METHOD_MATCH = YES;
				"CODE_SIGN_IDENTITY[sdk=iphoneos*]" = "iPhone Developer";
				COPY_PHASE_STRIP = NO;
				DEBUG_INFORMATION_FORMAT = "dwarf-with-dsym";
				ENABLE_NS_ASSERTIONS = NO;
				ENABLE_STRICT_OBJC_MSGSEND = YES;
				GCC_C_LANGUAGE_STANDARD = gnu99;
				GCC_NO_COMMON_BLOCKS = YES;
				GCC_WARN_64_TO_32_BIT_CONVERSION = YES;
				GCC_WARN_ABOUT_RETURN_TYPE = YES_ERROR;
				GCC_WARN_UNDECLARED_SELECTOR = YES;
				GCC_WARN_UNINITIALIZED_AUTOS = YES_AGGRESSIVE;
				GCC_WARN_UNUSED_FUNCTION = YES;
				GCC_WARN_UNUSED_VARIABLE = YES;
				IPHONEOS_DEPLOYMENT_TARGET = 9.3;
				MTL_ENABLE_DEBUG_INFO = NO;
				SDKROOT = iphoneos;
				VALIDATE_PRODUCT = YES;
			};
			name = Release;
		};
		8AE49F2B1DD81E9100728792 /* Debug */ = {
			isa = XCBuildConfiguration;
			buildSettings = {
				ASSETCATALOG_COMPILER_APPICON_NAME = AppIcon;
				INFOPLIST_FILE = "Time Wash/Info.plist";
				LD_RUNPATH_SEARCH_PATHS = "$(inherited) @executable_path/Frameworks";
				PRODUCT_BUNDLE_IDENTIFIER = "com.lenangungu.Time-Wash";
				PRODUCT_NAME = "$(TARGET_NAME)";
			};
			name = Debug;
		};
		8AE49F2C1DD81E9100728792 /* Release */ = {
			isa = XCBuildConfiguration;
			buildSettings = {
				ASSETCATALOG_COMPILER_APPICON_NAME = AppIcon;
				INFOPLIST_FILE = "Time Wash/Info.plist";
				LD_RUNPATH_SEARCH_PATHS = "$(inherited) @executable_path/Frameworks";
				PRODUCT_BUNDLE_IDENTIFIER = "com.lenangungu.Time-Wash";
				PRODUCT_NAME = "$(TARGET_NAME)";
			};
			name = Release;
		};
/* End XCBuildConfiguration section */

/* Begin XCConfigurationList section */
		8AE49F131DD81E9100728792 /* Build configuration list for PBXProject "Time Wash" */ = {
			isa = XCConfigurationList;
			buildConfigurations = (
				8AE49F281DD81E9100728792 /* Debug */,
				8AE49F291DD81E9100728792 /* Release */,
			);
			defaultConfigurationIsVisible = 0;
			defaultConfigurationName = Release;
		};
		8AE49F2A1DD81E9100728792 /* Build configuration list for PBXNativeTarget "Time Wash" */ = {
			isa = XCConfigurationList;
			buildConfigurations = (
				8AE49F2B1DD81E9100728792 /* Debug */,
				8AE49F2C1DD81E9100728792 /* Release */,
			);
			defaultConfigurationIsVisible = 0;
		};
/* End XCConfigurationList section */
	};
	rootObject = 8AE49F101DD81E9100728792 /* Project object */;
}
